
Microsoft Visual Studio Solution File, Format Version 12.00
# Visual Studio Version 17
VisualStudioVersion = 17.9.34714.143
MinimumVisualStudioVersion = 10.0.40219.1
Project("{FAE04EC0-301F-11D3-BF4B-00C04F79EFBC}") = "Part1_POE", "Part1_POE\Part1_POE.csproj", "{8D43A577-7E1D-4185-BB4C-AF7951C178A9}"
EndProject
Global
	GlobalSection(SolutionConfigurationPlatforms) = preSolution
		Debug|Any CPU = Debug|Any CPU
		Release|Any CPU = Release|Any CPU
	EndGlobalSection
	GlobalSection(ProjectConfigurationPlatforms) = postSolution
		{8D43A577-7E1D-4185-BB4C-AF7951C178A9}.Debug|Any CPU.ActiveCfg = Debug|Any CPU
		{8D43A577-7E1D-4185-BB4C-AF7951C178A9}.Debug|Any CPU.Build.0 = Debug|Any CPU
		{8D43A577-7E1D-4185-BB4C-AF7951C178A9}.Release|Any CPU.ActiveCfg = Release|Any CPU
		{8D43A577-7E1D-4185-BB4C-AF7951C178A9}.Release|Any CPU.Build.0 = Release|Any CPU
	EndGlobalSection
	GlobalSection(SolutionProperties) = preSolution
		HideSolutionNode = FALSE
	EndGlobalSection
	GlobalSection(ExtensibilityGlobals) = postSolution
		SolutionGuid = {9A1B5F14-58A9-4823-B812-46263458E436}
	EndGlobalSection
EndGlobal
